
Microsoft Visual Studio Solution File, Format Version 12.00
# Visual Studio Version 17
VisualStudioVersion = 17.14.36301.6 d17.14
MinimumVisualStudioVersion = 10.0.40219.1
Project("{FAE04EC0-301F-11D3-BF4B-00C04F79EFBC}") = "Radio-Search.Importer.CountryData.Functions", "Radio-Search.Importer.CountryData.Functions\Radio-Search.Importer.CountryData.Functions.csproj", "{5664D2F7-B517-49E9-BF94-8AB88048D8E6}"
EndProject
Project("{FAE04EC0-301F-11D3-BF4B-00C04F79EFBC}") = "Radio-Search.Importer.CountryData.Services", "Radio-Search.Importer.CountryData.Services\Radio-Search.Importer.CountryData.Services.csproj", "{AB736114-E0B6-4EAC-9BEB-12DF879A6D78}"
EndProject
Global
	GlobalSection(SolutionConfigurationPlatforms) = preSolution
		Debug|Any CPU = Debug|Any CPU
		Release|Any CPU = Release|Any CPU
	EndGlobalSection
	GlobalSection(ProjectConfigurationPlatforms) = postSolution
		{5664D2F7-B517-49E9-BF94-8AB88048D8E6}.Debug|Any CPU.ActiveCfg = Debug|Any CPU
		{5664D2F7-B517-49E9-BF94-8AB88048D8E6}.Debug|Any CPU.Build.0 = Debug|Any CPU
		{5664D2F7-B517-49E9-BF94-8AB88048D8E6}.Release|Any CPU.ActiveCfg = Release|Any CPU
		{5664D2F7-B517-49E9-BF94-8AB88048D8E6}.Release|Any CPU.Build.0 = Release|Any CPU
		{AB736114-E0B6-4EAC-9BEB-12DF879A6D78}.Debug|Any CPU.ActiveCfg = Debug|Any CPU
		{AB736114-E0B6-4EAC-9BEB-12DF879A6D78}.Debug|Any CPU.Build.0 = Debug|Any CPU
		{AB736114-E0B6-4EAC-9BEB-12DF879A6D78}.Release|Any CPU.ActiveCfg = Release|Any CPU
		{AB736114-E0B6-4EAC-9BEB-12DF879A6D78}.Release|Any CPU.Build.0 = Release|Any CPU
	EndGlobalSection
	GlobalSection(SolutionProperties) = preSolution
		HideSolutionNode = FALSE
	EndGlobalSection
	GlobalSection(ExtensibilityGlobals) = postSolution
		SolutionGuid = {96074247-B58F-49BD-932F-9F4FFB339A27}
	EndGlobalSection
EndGlobal
