
Microsoft Visual Studio Solution File, Format Version 12.00
# Visual Studio Version 17
VisualStudioVersion = 17.14.36429.23 d17.14
MinimumVisualStudioVersion = 10.0.40219.1
Project("{FAE04EC0-301F-11D3-BF4B-00C04F79EFBC}") = "Radio-Search.Canada.Models", "Radio-Search.Canada.Models\Radio-Search.Canada.Models.csproj", "{2669279E-F05A-4C0D-9C69-F8D6D3C7D6A7}"
EndProject
Global
	GlobalSection(SolutionConfigurationPlatforms) = preSolution
		Debug|Any CPU = Debug|Any CPU
		Release|Any CPU = Release|Any CPU
	EndGlobalSection
	GlobalSection(ProjectConfigurationPlatforms) = postSolution
		{2669279E-F05A-4C0D-9C69-F8D6D3C7D6A7}.Debug|Any CPU.ActiveCfg = Debug|Any CPU
		{2669279E-F05A-4C0D-9C69-F8D6D3C7D6A7}.Debug|Any CPU.Build.0 = Debug|Any CPU
		{2669279E-F05A-4C0D-9C69-F8D6D3C7D6A7}.Release|Any CPU.ActiveCfg = Release|Any CPU
		{2669279E-F05A-4C0D-9C69-F8D6D3C7D6A7}.Release|Any CPU.Build.0 = Release|Any CPU
	EndGlobalSection
	GlobalSection(SolutionProperties) = preSolution
		HideSolutionNode = FALSE
	EndGlobalSection
	GlobalSection(ExtensibilityGlobals) = postSolution
		SolutionGuid = {4E84204D-8042-45B5-84EE-956A41ACEBC5}
	EndGlobalSection
EndGlobal
